
Microsoft Visual Studio Solution File, Format Version 12.00
# Visual Studio Version 17
VisualStudioVersion = 17.7.34024.191
MinimumVisualStudioVersion = 10.0.40219.1
Project("{2150E333-8FDC-42A3-9474-1A3956D46DE8}") = "Task0", "Task0", "{5D6D5171-712B-4CDB-A8B5-20AF75DECB59}"
EndProject
Project("{FAE04EC0-301F-11D3-BF4B-00C04F79EFBC}") = "Tyuiu.PolyantsevEI.Sprint5.Task0.V9", "Tyuiu.PolyantsevEI.Sprint5.Task0.V9\Tyuiu.PolyantsevEI.Sprint5.Task0.V9.csproj", "{453643B5-243C-41F7-BE10-C8767F357013}"
EndProject
Project("{FAE04EC0-301F-11D3-BF4B-00C04F79EFBC}") = "Tyuiu.PolyantsevEI.Sprint5.Task0.V9.Lib", "Tyuiu.PolyantsevEI.Sprint5.Task0.V9.Lib\Tyuiu.PolyantsevEI.Sprint5.Task0.V9.Lib.csproj", "{3DAD6D87-4B9F-4407-84A6-707F78CAA2E6}"
EndProject
Project("{FAE04EC0-301F-11D3-BF4B-00C04F79EFBC}") = "Tyuiu.PolyantsevEI.Sprint5.Task0.V9.Test", "Tyuiu.PolyantsevEI.Sprint5.Task0.V9.Test\Tyuiu.PolyantsevEI.Sprint5.Task0.V9.Test.csproj", "{FDB117C9-E7E3-4490-AE20-FF90E392AC56}"
EndProject
Project("{2150E333-8FDC-42A3-9474-1A3956D46DE8}") = "Task1", "Task1", "{7149D54F-65C1-4C82-B4C1-F65FD038EDDC}"
EndProject
Project("{FAE04EC0-301F-11D3-BF4B-00C04F79EFBC}") = "Tyuiu.PolyantsevEI.Sprint5.Task1.V19", "Tyuiu.PolyantsevEI.Sprint5.Task1.V19\Tyuiu.PolyantsevEI.Sprint5.Task1.V19.csproj", "{BB9962DA-B3E2-4AA9-886C-5357134AA0D2}"
EndProject
Project("{FAE04EC0-301F-11D3-BF4B-00C04F79EFBC}") = "Tyuiu.PolyantsevEI.Sprint5.Task1.V19.Lib", "Tyuiu.PolyantsevEI.Sprint5.Task1.V19.Lib\Tyuiu.PolyantsevEI.Sprint5.Task1.V19.Lib.csproj", "{C2A383A6-89EA-4BFF-9F98-6DE534B908CC}"
EndProject
Project("{FAE04EC0-301F-11D3-BF4B-00C04F79EFBC}") = "Tyuiu.PolyantsevEI.Sprint5.Task1.V19.Test", "Tyuiu.PolyantsevEI.Sprint5.Task1.V19.Test\Tyuiu.PolyantsevEI.Sprint5.Task1.V19.Test.csproj", "{9BB4DCB8-2705-4270-8321-73087E44512A}"
EndProject
Project("{2150E333-8FDC-42A3-9474-1A3956D46DE8}") = "Task2", "Task2", "{35CFC2B2-CCDA-43AA-8626-26884A59FB76}"
EndProject
Project("{FAE04EC0-301F-11D3-BF4B-00C04F79EFBC}") = "Tyuiu.PolyantsevEI.Sprint5.Task2.V10", "Tyuiu.PolyantsevEI.Sprint5.Task2.V10\Tyuiu.PolyantsevEI.Sprint5.Task2.V10.csproj", "{9B39766E-987E-48F8-AC3F-8DE3398B5B78}"
EndProject
Project("{FAE04EC0-301F-11D3-BF4B-00C04F79EFBC}") = "Tyuiu.PolyantsevEI.Sprint5.Task2.V10.Lib", "Tyuiu.PolyantsevEI.Sprint5.Task2.V10.Lib\Tyuiu.PolyantsevEI.Sprint5.Task2.V10.Lib.csproj", "{45D60F16-85FF-433E-BEFB-4DC9ABE108C6}"
EndProject
Project("{FAE04EC0-301F-11D3-BF4B-00C04F79EFBC}") = "Tyuiu.PolyantsevEI.Sprint5.Task2.V10.Test", "Tyuiu.PolyantsevEI.Sprint5.Task2.V10.Test\Tyuiu.PolyantsevEI.Sprint5.Task2.V10.Test.csproj", "{2C9B6A51-6372-4C7F-A73E-C9A2B1B84DCB}"
EndProject
Project("{2150E333-8FDC-42A3-9474-1A3956D46DE8}") = "Task3", "Task3", "{E12AC8D4-2282-4EC2-BEC8-77180A12CAE0}"
EndProject
Project("{FAE04EC0-301F-11D3-BF4B-00C04F79EFBC}") = "Tyuiu.PolyantsevEI.Sprint5.Task3.V22", "Tyuiu.PolyantsevEI.Sprint5.Task3.V22\Tyuiu.PolyantsevEI.Sprint5.Task3.V22.csproj", "{5513D396-A2F1-49E7-899E-920C03C1D61A}"
EndProject
Project("{FAE04EC0-301F-11D3-BF4B-00C04F79EFBC}") = "Tyuiu.PolyantsevEI.Sprint5.Task3.V22.Lib", "Tyuiu.PolyantsevEI.Sprint5.Task3.V22.Lib\Tyuiu.PolyantsevEI.Sprint5.Task3.V22.Lib.csproj", "{ECD18302-E95E-4971-B606-6C3237FEAE86}"
EndProject
Project("{FAE04EC0-301F-11D3-BF4B-00C04F79EFBC}") = "Tyuiu.PolyantsevEI.Sprint5.Task3.V22.Test", "Tyuiu.PolyantsevEI.Sprint5.Task3.V22.Test\Tyuiu.PolyantsevEI.Sprint5.Task3.V22.Test.csproj", "{8B45F50B-D58C-4D98-B9A3-A785709E55B4}"
EndProject
Global
	GlobalSection(SolutionConfigurationPlatforms) = preSolution
		Debug|Any CPU = Debug|Any CPU
		Release|Any CPU = Release|Any CPU
	EndGlobalSection
	GlobalSection(ProjectConfigurationPlatforms) = postSolution
		{453643B5-243C-41F7-BE10-C8767F357013}.Debug|Any CPU.ActiveCfg = Debug|Any CPU
		{453643B5-243C-41F7-BE10-C8767F357013}.Debug|Any CPU.Build.0 = Debug|Any CPU
		{453643B5-243C-41F7-BE10-C8767F357013}.Release|Any CPU.ActiveCfg = Release|Any CPU
		{453643B5-243C-41F7-BE10-C8767F357013}.Release|Any CPU.Build.0 = Release|Any CPU
		{3DAD6D87-4B9F-4407-84A6-707F78CAA2E6}.Debug|Any CPU.ActiveCfg = Debug|Any CPU
		{3DAD6D87-4B9F-4407-84A6-707F78CAA2E6}.Debug|Any CPU.Build.0 = Debug|Any CPU
		{3DAD6D87-4B9F-4407-84A6-707F78CAA2E6}.Release|Any CPU.ActiveCfg = Release|Any CPU
		{3DAD6D87-4B9F-4407-84A6-707F78CAA2E6}.Release|Any CPU.Build.0 = Release|Any CPU
		{FDB117C9-E7E3-4490-AE20-FF90E392AC56}.Debug|Any CPU.ActiveCfg = Debug|Any CPU
		{FDB117C9-E7E3-4490-AE20-FF90E392AC56}.Debug|Any CPU.Build.0 = Debug|Any CPU
		{FDB117C9-E7E3-4490-AE20-FF90E392AC56}.Release|Any CPU.ActiveCfg = Release|Any CPU
		{FDB117C9-E7E3-4490-AE20-FF90E392AC56}.Release|Any CPU.Build.0 = Release|Any CPU
		{BB9962DA-B3E2-4AA9-886C-5357134AA0D2}.Debug|Any CPU.ActiveCfg = Debug|Any CPU
		{BB9962DA-B3E2-4AA9-886C-5357134AA0D2}.Debug|Any CPU.Build.0 = Debug|Any CPU
		{BB9962DA-B3E2-4AA9-886C-5357134AA0D2}.Release|Any CPU.ActiveCfg = Release|Any CPU
		{BB9962DA-B3E2-4AA9-886C-5357134AA0D2}.Release|Any CPU.Build.0 = Release|Any CPU
		{C2A383A6-89EA-4BFF-9F98-6DE534B908CC}.Debug|Any CPU.ActiveCfg = Debug|Any CPU
		{C2A383A6-89EA-4BFF-9F98-6DE534B908CC}.Debug|Any CPU.Build.0 = Debug|Any CPU
		{C2A383A6-89EA-4BFF-9F98-6DE534B908CC}.Release|Any CPU.ActiveCfg = Release|Any CPU
		{C2A383A6-89EA-4BFF-9F98-6DE534B908CC}.Release|Any CPU.Build.0 = Release|Any CPU
		{9BB4DCB8-2705-4270-8321-73087E44512A}.Debug|Any CPU.ActiveCfg = Debug|Any CPU
		{9BB4DCB8-2705-4270-8321-73087E44512A}.Debug|Any CPU.Build.0 = Debug|Any CPU
		{9BB4DCB8-2705-4270-8321-73087E44512A}.Release|Any CPU.ActiveCfg = Release|Any CPU
		{9BB4DCB8-2705-4270-8321-73087E44512A}.Release|Any CPU.Build.0 = Release|Any CPU
		{9B39766E-987E-48F8-AC3F-8DE3398B5B78}.Debug|Any CPU.ActiveCfg = Debug|Any CPU
		{9B39766E-987E-48F8-AC3F-8DE3398B5B78}.Debug|Any CPU.Build.0 = Debug|Any CPU
		{9B39766E-987E-48F8-AC3F-8DE3398B5B78}.Release|Any CPU.ActiveCfg = Release|Any CPU
		{9B39766E-987E-48F8-AC3F-8DE3398B5B78}.Release|Any CPU.Build.0 = Release|Any CPU
		{45D60F16-85FF-433E-BEFB-4DC9ABE108C6}.Debug|Any CPU.ActiveCfg = Debug|Any CPU
		{45D60F16-85FF-433E-BEFB-4DC9ABE108C6}.Debug|Any CPU.Build.0 = Debug|Any CPU
		{45D60F16-85FF-433E-BEFB-4DC9ABE108C6}.Release|Any CPU.ActiveCfg = Release|Any CPU
		{45D60F16-85FF-433E-BEFB-4DC9ABE108C6}.Release|Any CPU.Build.0 = Release|Any CPU
		{2C9B6A51-6372-4C7F-A73E-C9A2B1B84DCB}.Debug|Any CPU.ActiveCfg = Debug|Any CPU
		{2C9B6A51-6372-4C7F-A73E-C9A2B1B84DCB}.Debug|Any CPU.Build.0 = Debug|Any CPU
		{2C9B6A51-6372-4C7F-A73E-C9A2B1B84DCB}.Release|Any CPU.ActiveCfg = Release|Any CPU
		{2C9B6A51-6372-4C7F-A73E-C9A2B1B84DCB}.Release|Any CPU.Build.0 = Release|Any CPU
		{5513D396-A2F1-49E7-899E-920C03C1D61A}.Debug|Any CPU.ActiveCfg = Debug|Any CPU
		{5513D396-A2F1-49E7-899E-920C03C1D61A}.Debug|Any CPU.Build.0 = Debug|Any CPU
		{5513D396-A2F1-49E7-899E-920C03C1D61A}.Release|Any CPU.ActiveCfg = Release|Any CPU
		{5513D396-A2F1-49E7-899E-920C03C1D61A}.Release|Any CPU.Build.0 = Release|Any CPU
		{ECD18302-E95E-4971-B606-6C3237FEAE86}.Debug|Any CPU.ActiveCfg = Debug|Any CPU
		{ECD18302-E95E-4971-B606-6C3237FEAE86}.Debug|Any CPU.Build.0 = Debug|Any CPU
		{ECD18302-E95E-4971-B606-6C3237FEAE86}.Release|Any CPU.ActiveCfg = Release|Any CPU
		{ECD18302-E95E-4971-B606-6C3237FEAE86}.Release|Any CPU.Build.0 = Release|Any CPU
		{8B45F50B-D58C-4D98-B9A3-A785709E55B4}.Debug|Any CPU.ActiveCfg = Debug|Any CPU
		{8B45F50B-D58C-4D98-B9A3-A785709E55B4}.Debug|Any CPU.Build.0 = Debug|Any CPU
		{8B45F50B-D58C-4D98-B9A3-A785709E55B4}.Release|Any CPU.ActiveCfg = Release|Any CPU
		{8B45F50B-D58C-4D98-B9A3-A785709E55B4}.Release|Any CPU.Build.0 = Release|Any CPU
	EndGlobalSection
	GlobalSection(SolutionProperties) = preSolution
		HideSolutionNode = FALSE
	EndGlobalSection
	GlobalSection(NestedProjects) = preSolution
		{453643B5-243C-41F7-BE10-C8767F357013} = {5D6D5171-712B-4CDB-A8B5-20AF75DECB59}
		{3DAD6D87-4B9F-4407-84A6-707F78CAA2E6} = {5D6D5171-712B-4CDB-A8B5-20AF75DECB59}
		{FDB117C9-E7E3-4490-AE20-FF90E392AC56} = {5D6D5171-712B-4CDB-A8B5-20AF75DECB59}
		{BB9962DA-B3E2-4AA9-886C-5357134AA0D2} = {7149D54F-65C1-4C82-B4C1-F65FD038EDDC}
		{C2A383A6-89EA-4BFF-9F98-6DE534B908CC} = {7149D54F-65C1-4C82-B4C1-F65FD038EDDC}
		{9BB4DCB8-2705-4270-8321-73087E44512A} = {7149D54F-65C1-4C82-B4C1-F65FD038EDDC}
		{9B39766E-987E-48F8-AC3F-8DE3398B5B78} = {35CFC2B2-CCDA-43AA-8626-26884A59FB76}
		{45D60F16-85FF-433E-BEFB-4DC9ABE108C6} = {35CFC2B2-CCDA-43AA-8626-26884A59FB76}
		{2C9B6A51-6372-4C7F-A73E-C9A2B1B84DCB} = {35CFC2B2-CCDA-43AA-8626-26884A59FB76}
		{5513D396-A2F1-49E7-899E-920C03C1D61A} = {E12AC8D4-2282-4EC2-BEC8-77180A12CAE0}
		{ECD18302-E95E-4971-B606-6C3237FEAE86} = {E12AC8D4-2282-4EC2-BEC8-77180A12CAE0}
		{8B45F50B-D58C-4D98-B9A3-A785709E55B4} = {E12AC8D4-2282-4EC2-BEC8-77180A12CAE0}
	EndGlobalSection
	GlobalSection(ExtensibilityGlobals) = postSolution
		SolutionGuid = {65E1C230-E7A5-48BE-A9DF-56C1539DF0B9}
	EndGlobalSection
EndGlobal
